
Microsoft Visual Studio Solution File, Format Version 12.00
# Visual Studio 15
VisualStudioVersion = 15.0.28307.168
MinimumVisualStudioVersion = 10.0.40219.1
Project("{FAE04EC0-301F-11D3-BF4B-00C04F79EFBC}") = "AudioControl", "AudioControl\AudioControl.csproj", "{B505C720-B919-45EB-8107-63695FD8C1EE}"
EndProject
Global
	GlobalSection(SolutionConfigurationPlatforms) = preSolution
		Debug|Any CPU = Debug|Any CPU
		Release|Any CPU = Release|Any CPU
	EndGlobalSection
	GlobalSection(ProjectConfigurationPlatforms) = postSolution
		{B505C720-B919-45EB-8107-63695FD8C1EE}.Debug|Any CPU.ActiveCfg = Debug|Any CPU
		{B505C720-B919-45EB-8107-63695FD8C1EE}.Debug|Any CPU.Build.0 = Debug|Any CPU
		{B505C720-B919-45EB-8107-63695FD8C1EE}.Release|Any CPU.ActiveCfg = Release|Any CPU
		{B505C720-B919-45EB-8107-63695FD8C1EE}.Release|Any CPU.Build.0 = Release|Any CPU
	EndGlobalSection
	GlobalSection(SolutionProperties) = preSolution
		HideSolutionNode = FALSE
	EndGlobalSection
	GlobalSection(ExtensibilityGlobals) = postSolution
		SolutionGuid = {FB149297-C8EC-437D-B73D-536E882799C8}
	EndGlobalSection
EndGlobal
